
Microsoft Visual Studio Solution File, Format Version 12.00
# Visual Studio Version 17
VisualStudioVersion = 17.9.34622.214
MinimumVisualStudioVersion = 10.0.40219.1
Project("{9A19103F-16F7-4668-BE54-9A1E7A4F7556}") = "UnitTest", "UnitTest\UnitTest.csproj", "{B910509A-DC11-489B-AE6A-9F1D2BEF09CE}"
EndProject
Project("{9A19103F-16F7-4668-BE54-9A1E7A4F7556}") = "UnitTest1.Library", "UnitTest1.Function1\UnitTest1.Library.csproj", "{9008C9EA-5E49-4B02-B845-FAF85275B675}"
EndProject
Project("{9A19103F-16F7-4668-BE54-9A1E7A4F7556}") = "UnitTest1.Tests", "UnitTest1.Tests\UnitTest1.Tests.csproj", "{1572C3A0-4CEF-4CC4-98E7-C44F21254C1E}"
EndProject
Project("{9A19103F-16F7-4668-BE54-9A1E7A4F7556}") = "WpfInterfaceSqlTest", "WpfInterfaceSqlTest\WpfInterfaceSqlTest.csproj", "{B6599BA8-BD45-4601-8260-07FAE8883458}"
EndProject
Project("{9A19103F-16F7-4668-BE54-9A1E7A4F7556}") = "WpfNlogTest1", "WpfNlogTest1\WpfNlogTest1.csproj", "{57D6CB05-3262-4CCD-BBD9-A231610DFB9F}"
EndProject
Project("{9A19103F-16F7-4668-BE54-9A1E7A4F7556}") = "ConsoleNlogTest1", "ConsoleNlogTest1\ConsoleNlogTest1.csproj", "{9DCB09EE-560A-40C8-80B5-A90CC698022F}"
EndProject
Project("{9A19103F-16F7-4668-BE54-9A1E7A4F7556}") = "WpfNlogSqlTest1.Net5", "WpfNlogSqlTest1.Net5\WpfNlogSqlTest1.Net5.csproj", "{268C86CC-A06B-4C9D-9BC2-6AE572BE323C}"
EndProject
Project("{9A19103F-16F7-4668-BE54-9A1E7A4F7556}") = "DllNlogTest1", "DllNlogSqlTest1\DllNlogTest1.csproj", "{2DBE6CC0-D59A-4C70-ABEF-FE85C9EC943F}"
EndProject
Project("{9A19103F-16F7-4668-BE54-9A1E7A4F7556}") = "WpfNlogSqlTest.Net5.Di", "WpfNlogSqlTest.Net5.Di\WpfNlogSqlTest.Net5.Di.csproj", "{0EA8DE19-F481-446F-92D9-B031520ABF89}"
EndProject
Project("{9A19103F-16F7-4668-BE54-9A1E7A4F7556}") = "DllSqlTest1", "DllSqlTest1\DllSqlTest1.csproj", "{BB32DB0F-0CCE-4338-AF7C-5B90E9CB3DD5}"
EndProject
Project("{9A19103F-16F7-4668-BE54-9A1E7A4F7556}") = "WpfDllTest2", "WpfDllTest2\WpfDllTest2.csproj", "{3D8EFA0F-B8E7-4413-AD01-028AF123F697}"
EndProject
Project("{9A19103F-16F7-4668-BE54-9A1E7A4F7556}") = "PrismNlogSqlTest1", "PrismNlogSqlTest1\PrismNlogSqlTest1.csproj", "{E217DF98-FE5B-4617-AF9E-15A047A92C18}"
EndProject
Project("{FAE04EC0-301F-11D3-BF4B-00C04F79EFBC}") = "PrismNlogSqlTest1.Core1", "PrismNlogSqlTest1.Core1\PrismNlogSqlTest1.Core1.csproj", "{4DB902FA-676B-41B6-BC70-DF07F6E71D1D}"
EndProject
Global
	GlobalSection(SolutionConfigurationPlatforms) = preSolution
		Debug|Any CPU = Debug|Any CPU
		Release|Any CPU = Release|Any CPU
	EndGlobalSection
	GlobalSection(ProjectConfigurationPlatforms) = postSolution
		{B910509A-DC11-489B-AE6A-9F1D2BEF09CE}.Debug|Any CPU.ActiveCfg = Debug|Any CPU
		{B910509A-DC11-489B-AE6A-9F1D2BEF09CE}.Debug|Any CPU.Build.0 = Debug|Any CPU
		{B910509A-DC11-489B-AE6A-9F1D2BEF09CE}.Release|Any CPU.ActiveCfg = Release|Any CPU
		{B910509A-DC11-489B-AE6A-9F1D2BEF09CE}.Release|Any CPU.Build.0 = Release|Any CPU
		{9008C9EA-5E49-4B02-B845-FAF85275B675}.Debug|Any CPU.ActiveCfg = Debug|Any CPU
		{9008C9EA-5E49-4B02-B845-FAF85275B675}.Debug|Any CPU.Build.0 = Debug|Any CPU
		{9008C9EA-5E49-4B02-B845-FAF85275B675}.Release|Any CPU.ActiveCfg = Release|Any CPU
		{9008C9EA-5E49-4B02-B845-FAF85275B675}.Release|Any CPU.Build.0 = Release|Any CPU
		{1572C3A0-4CEF-4CC4-98E7-C44F21254C1E}.Debug|Any CPU.ActiveCfg = Debug|Any CPU
		{1572C3A0-4CEF-4CC4-98E7-C44F21254C1E}.Debug|Any CPU.Build.0 = Debug|Any CPU
		{1572C3A0-4CEF-4CC4-98E7-C44F21254C1E}.Release|Any CPU.ActiveCfg = Release|Any CPU
		{1572C3A0-4CEF-4CC4-98E7-C44F21254C1E}.Release|Any CPU.Build.0 = Release|Any CPU
		{B6599BA8-BD45-4601-8260-07FAE8883458}.Debug|Any CPU.ActiveCfg = Debug|Any CPU
		{B6599BA8-BD45-4601-8260-07FAE8883458}.Debug|Any CPU.Build.0 = Debug|Any CPU
		{B6599BA8-BD45-4601-8260-07FAE8883458}.Release|Any CPU.ActiveCfg = Release|Any CPU
		{B6599BA8-BD45-4601-8260-07FAE8883458}.Release|Any CPU.Build.0 = Release|Any CPU
		{57D6CB05-3262-4CCD-BBD9-A231610DFB9F}.Debug|Any CPU.ActiveCfg = Debug|Any CPU
		{57D6CB05-3262-4CCD-BBD9-A231610DFB9F}.Debug|Any CPU.Build.0 = Debug|Any CPU
		{57D6CB05-3262-4CCD-BBD9-A231610DFB9F}.Release|Any CPU.ActiveCfg = Release|Any CPU
		{57D6CB05-3262-4CCD-BBD9-A231610DFB9F}.Release|Any CPU.Build.0 = Release|Any CPU
		{9DCB09EE-560A-40C8-80B5-A90CC698022F}.Debug|Any CPU.ActiveCfg = Debug|Any CPU
		{9DCB09EE-560A-40C8-80B5-A90CC698022F}.Debug|Any CPU.Build.0 = Debug|Any CPU
		{9DCB09EE-560A-40C8-80B5-A90CC698022F}.Release|Any CPU.ActiveCfg = Release|Any CPU
		{9DCB09EE-560A-40C8-80B5-A90CC698022F}.Release|Any CPU.Build.0 = Release|Any CPU
		{268C86CC-A06B-4C9D-9BC2-6AE572BE323C}.Debug|Any CPU.ActiveCfg = Debug|Any CPU
		{268C86CC-A06B-4C9D-9BC2-6AE572BE323C}.Debug|Any CPU.Build.0 = Debug|Any CPU
		{268C86CC-A06B-4C9D-9BC2-6AE572BE323C}.Release|Any CPU.ActiveCfg = Release|Any CPU
		{268C86CC-A06B-4C9D-9BC2-6AE572BE323C}.Release|Any CPU.Build.0 = Release|Any CPU
		{2DBE6CC0-D59A-4C70-ABEF-FE85C9EC943F}.Debug|Any CPU.ActiveCfg = Debug|Any CPU
		{2DBE6CC0-D59A-4C70-ABEF-FE85C9EC943F}.Debug|Any CPU.Build.0 = Debug|Any CPU
		{2DBE6CC0-D59A-4C70-ABEF-FE85C9EC943F}.Release|Any CPU.ActiveCfg = Release|Any CPU
		{2DBE6CC0-D59A-4C70-ABEF-FE85C9EC943F}.Release|Any CPU.Build.0 = Release|Any CPU
		{0EA8DE19-F481-446F-92D9-B031520ABF89}.Debug|Any CPU.ActiveCfg = Debug|Any CPU
		{0EA8DE19-F481-446F-92D9-B031520ABF89}.Debug|Any CPU.Build.0 = Debug|Any CPU
		{0EA8DE19-F481-446F-92D9-B031520ABF89}.Release|Any CPU.ActiveCfg = Release|Any CPU
		{0EA8DE19-F481-446F-92D9-B031520ABF89}.Release|Any CPU.Build.0 = Release|Any CPU
		{BB32DB0F-0CCE-4338-AF7C-5B90E9CB3DD5}.Debug|Any CPU.ActiveCfg = Debug|Any CPU
		{BB32DB0F-0CCE-4338-AF7C-5B90E9CB3DD5}.Debug|Any CPU.Build.0 = Debug|Any CPU
		{BB32DB0F-0CCE-4338-AF7C-5B90E9CB3DD5}.Release|Any CPU.ActiveCfg = Release|Any CPU
		{BB32DB0F-0CCE-4338-AF7C-5B90E9CB3DD5}.Release|Any CPU.Build.0 = Release|Any CPU
		{3D8EFA0F-B8E7-4413-AD01-028AF123F697}.Debug|Any CPU.ActiveCfg = Debug|Any CPU
		{3D8EFA0F-B8E7-4413-AD01-028AF123F697}.Debug|Any CPU.Build.0 = Debug|Any CPU
		{3D8EFA0F-B8E7-4413-AD01-028AF123F697}.Release|Any CPU.ActiveCfg = Release|Any CPU
		{3D8EFA0F-B8E7-4413-AD01-028AF123F697}.Release|Any CPU.Build.0 = Release|Any CPU
		{E217DF98-FE5B-4617-AF9E-15A047A92C18}.Debug|Any CPU.ActiveCfg = Debug|Any CPU
		{E217DF98-FE5B-4617-AF9E-15A047A92C18}.Debug|Any CPU.Build.0 = Debug|Any CPU
		{E217DF98-FE5B-4617-AF9E-15A047A92C18}.Release|Any CPU.ActiveCfg = Release|Any CPU
		{E217DF98-FE5B-4617-AF9E-15A047A92C18}.Release|Any CPU.Build.0 = Release|Any CPU
		{4DB902FA-676B-41B6-BC70-DF07F6E71D1D}.Debug|Any CPU.ActiveCfg = Debug|Any CPU
		{4DB902FA-676B-41B6-BC70-DF07F6E71D1D}.Debug|Any CPU.Build.0 = Debug|Any CPU
		{4DB902FA-676B-41B6-BC70-DF07F6E71D1D}.Release|Any CPU.ActiveCfg = Release|Any CPU
		{4DB902FA-676B-41B6-BC70-DF07F6E71D1D}.Release|Any CPU.Build.0 = Release|Any CPU
	EndGlobalSection
	GlobalSection(SolutionProperties) = preSolution
		HideSolutionNode = FALSE
	EndGlobalSection
	GlobalSection(ExtensibilityGlobals) = postSolution
		SolutionGuid = {AF36992F-09B1-4D3E-8A41-9020C632B21E}
	EndGlobalSection
EndGlobal
